
Microsoft Visual Studio Solution File, Format Version 12.00
Project("{2150E333-8FDC-42A3-9474-1A3956D46DE8}") = "source", "source", "{225934A6-1192-4C0F-8D23-E063E0EA1457}"
EndProject
Project("{2150E333-8FDC-42A3-9474-1A3956D46DE8}") = "tests", "tests", "{2F3979B4-A2E0-4D4B-9AA9-5345663E1356}"
EndProject
Project("{FAE04EC0-301F-11D3-BF4B-00C04F79EFBC}") = "Lab1", "Lab1\Lab1.csproj", "{788C1341-743F-4690-8B62-C1DE8B8105CB}"
EndProject
Project("{FAE04EC0-301F-11D3-BF4B-00C04F79EFBC}") = "Lab1.Tests", "Lab1.Tests\Lab1.Tests.csproj", "{FD48C7A6-586C-4B4A-BC72-225A229E20DB}"
EndProject
Project("{FAE04EC0-301F-11D3-BF4B-00C04F79EFBC}") = "Lab2", "Lab2\Lab2.csproj", "{BD1E81D3-B27A-4B35-B443-45AE35A34EBD}"
EndProject
Project("{FAE04EC0-301F-11D3-BF4B-00C04F79EFBC}") = "Lab2.Tests", "Lab2.Tests\Lab2.Tests.csproj", "{2B986CAF-B8BD-4AAC-93C8-285EF81C1F76}"
EndProject
Project("{FAE04EC0-301F-11D3-BF4B-00C04F79EFBC}") = "Lab3", "Lab3\Lab3.csproj", "{B3DA6ECC-36CC-416C-9E21-8AFF0213AB61}"
EndProject
Project("{FAE04EC0-301F-11D3-BF4B-00C04F79EFBC}") = "Lab3.Tests", "Lab3.Tests\Lab3.Tests.csproj", "{9E98F1C6-7C44-419C-B3D9-62DEF6B885F3}"
EndProject
Project("{FAE04EC0-301F-11D3-BF4B-00C04F79EFBC}") = "Lab4", "Lab4\Lab4.csproj", "{00BB0C82-0358-473F-A48B-00831DED7C8C}"
EndProject
Project("{FAE04EC0-301F-11D3-BF4B-00C04F79EFBC}") = "Lab4.Tests", "Lab4.Tests\Lab4.Tests.csproj", "{21F17293-00F8-40C5-B6F2-5727EEF27950}"
EndProject
Project("{2150E333-8FDC-42A3-9474-1A3956D46DE8}") = "Lab5", "Lab5", "{D1E59676-2CD1-4552-8F2D-6C6FF3A034C8}"
EndProject
Project("{FAE04EC0-301F-11D3-BF4B-00C04F79EFBC}") = "Lab5.Tests", "Lab5.Tests\Lab5.Tests.csproj", "{66DBFF91-95EE-40AB-9D0B-425B6A9FEBA9}"
EndProject
Project("{FAE04EC0-301F-11D3-BF4B-00C04F79EFBC}") = "Lab5", "Lab5\Lab5.csproj", "{0D19134F-3469-4A5A-9FF8-1C8C3C21B30C}"
EndProject
Project("{2150E333-8FDC-42A3-9474-1A3956D46DE8}") = "Application", "Application", "{E022EF7E-57C0-49CB-8B7D-6B96B6934A5E}"
EndProject
Project("{FAE04EC0-301F-11D3-BF4B-00C04F79EFBC}") = "Lab5.Application", "Lab5.Application\Lab5.Application.csproj", "{75836D82-2745-4EE6-8CED-AC67B831401F}"
EndProject
Project("{FAE04EC0-301F-11D3-BF4B-00C04F79EFBC}") = "Lab5.Application.Contracts", "Lab5.Application.Contracts\Lab5.Application.Contracts.csproj", "{B93005DE-CD5A-4FE6-8EFD-DB0A4A7248E0}"
EndProject
Project("{FAE04EC0-301F-11D3-BF4B-00C04F79EFBC}") = "Lab5.Application.Abstractions", "Lab5.Application.Abstractions\Lab5.Application.Abstractions.csproj", "{E4A8B9E1-ABD5-403E-8866-1BB63EFA43FF}"
EndProject
Project("{2150E333-8FDC-42A3-9474-1A3956D46DE8}") = "Domain", "Domain", "{9909009A-5B89-4ED0-A059-9BB903452CC4}"
EndProject
Project("{FAE04EC0-301F-11D3-BF4B-00C04F79EFBC}") = "Lab5.Domain.Entities", "Lab5.Domain.Entities\Lab5.Domain.Entities.csproj", "{8182512A-772F-4242-A53E-9E0E15A29B58}"
EndProject
Project("{2150E333-8FDC-42A3-9474-1A3956D46DE8}") = "Infrastructure", "Infrastructure", "{90A35014-592F-4E19-B7B8-92EF445E42A8}"
EndProject
Project("{FAE04EC0-301F-11D3-BF4B-00C04F79EFBC}") = "Lab5.Infrastructure.DataAccess", "Lab5.Infrastructure.DataAccess\Lab5.Infrastructure.DataAccess.csproj", "{D2318081-5EF1-48C0-B377-525406920F2E}"
EndProject
Project("{2150E333-8FDC-42A3-9474-1A3956D46DE8}") = "Presentation", "Presentation", "{3578D123-BE5A-436E-A34E-BE260D531EE1}"
EndProject
Project("{FAE04EC0-301F-11D3-BF4B-00C04F79EFBC}") = "Lab5.Presentation", "Lab5.Presentation\Lab5.Presentation.csproj", "{7C6F6B6F-F3A8-4539-B482-F29013DEE0DE}"
EndProject
Project("{FAE04EC0-301F-11D3-BF4B-00C04F79EFBC}") = "Lab5.Presentation.Abstractions", "Lab5.Presentation.Abstractions\Lab5.Presentation.Abstractions.csproj", "{2CFEAE80-2AC5-4BCC-9F01-472E5F275AF7}"
EndProject
Global
	GlobalSection(SolutionConfigurationPlatforms) = preSolution
		Debug|Any CPU = Debug|Any CPU
		Release|Any CPU = Release|Any CPU
	EndGlobalSection
	GlobalSection(ProjectConfigurationPlatforms) = postSolution
		{788C1341-743F-4690-8B62-C1DE8B8105CB}.Debug|Any CPU.ActiveCfg = Debug|Any CPU
		{788C1341-743F-4690-8B62-C1DE8B8105CB}.Debug|Any CPU.Build.0 = Debug|Any CPU
		{788C1341-743F-4690-8B62-C1DE8B8105CB}.Release|Any CPU.ActiveCfg = Release|Any CPU
		{788C1341-743F-4690-8B62-C1DE8B8105CB}.Release|Any CPU.Build.0 = Release|Any CPU
		{FD48C7A6-586C-4B4A-BC72-225A229E20DB}.Debug|Any CPU.ActiveCfg = Debug|Any CPU
		{FD48C7A6-586C-4B4A-BC72-225A229E20DB}.Debug|Any CPU.Build.0 = Debug|Any CPU
		{FD48C7A6-586C-4B4A-BC72-225A229E20DB}.Release|Any CPU.ActiveCfg = Release|Any CPU
		{FD48C7A6-586C-4B4A-BC72-225A229E20DB}.Release|Any CPU.Build.0 = Release|Any CPU
		{BD1E81D3-B27A-4B35-B443-45AE35A34EBD}.Debug|Any CPU.ActiveCfg = Debug|Any CPU
		{BD1E81D3-B27A-4B35-B443-45AE35A34EBD}.Debug|Any CPU.Build.0 = Debug|Any CPU
		{BD1E81D3-B27A-4B35-B443-45AE35A34EBD}.Release|Any CPU.ActiveCfg = Release|Any CPU
		{BD1E81D3-B27A-4B35-B443-45AE35A34EBD}.Release|Any CPU.Build.0 = Release|Any CPU
		{2B986CAF-B8BD-4AAC-93C8-285EF81C1F76}.Debug|Any CPU.ActiveCfg = Debug|Any CPU
		{2B986CAF-B8BD-4AAC-93C8-285EF81C1F76}.Debug|Any CPU.Build.0 = Debug|Any CPU
		{2B986CAF-B8BD-4AAC-93C8-285EF81C1F76}.Release|Any CPU.ActiveCfg = Release|Any CPU
		{2B986CAF-B8BD-4AAC-93C8-285EF81C1F76}.Release|Any CPU.Build.0 = Release|Any CPU
		{B3DA6ECC-36CC-416C-9E21-8AFF0213AB61}.Debug|Any CPU.ActiveCfg = Debug|Any CPU
		{B3DA6ECC-36CC-416C-9E21-8AFF0213AB61}.Debug|Any CPU.Build.0 = Debug|Any CPU
		{B3DA6ECC-36CC-416C-9E21-8AFF0213AB61}.Release|Any CPU.ActiveCfg = Release|Any CPU
		{B3DA6ECC-36CC-416C-9E21-8AFF0213AB61}.Release|Any CPU.Build.0 = Release|Any CPU
		{9E98F1C6-7C44-419C-B3D9-62DEF6B885F3}.Debug|Any CPU.ActiveCfg = Debug|Any CPU
		{9E98F1C6-7C44-419C-B3D9-62DEF6B885F3}.Debug|Any CPU.Build.0 = Debug|Any CPU
		{9E98F1C6-7C44-419C-B3D9-62DEF6B885F3}.Release|Any CPU.ActiveCfg = Release|Any CPU
		{9E98F1C6-7C44-419C-B3D9-62DEF6B885F3}.Release|Any CPU.Build.0 = Release|Any CPU
		{00BB0C82-0358-473F-A48B-00831DED7C8C}.Debug|Any CPU.ActiveCfg = Debug|Any CPU
		{00BB0C82-0358-473F-A48B-00831DED7C8C}.Debug|Any CPU.Build.0 = Debug|Any CPU
		{00BB0C82-0358-473F-A48B-00831DED7C8C}.Release|Any CPU.ActiveCfg = Release|Any CPU
		{00BB0C82-0358-473F-A48B-00831DED7C8C}.Release|Any CPU.Build.0 = Release|Any CPU
		{21F17293-00F8-40C5-B6F2-5727EEF27950}.Debug|Any CPU.ActiveCfg = Debug|Any CPU
		{21F17293-00F8-40C5-B6F2-5727EEF27950}.Debug|Any CPU.Build.0 = Debug|Any CPU
		{21F17293-00F8-40C5-B6F2-5727EEF27950}.Release|Any CPU.ActiveCfg = Release|Any CPU
		{21F17293-00F8-40C5-B6F2-5727EEF27950}.Release|Any CPU.Build.0 = Release|Any CPU
		{66DBFF91-95EE-40AB-9D0B-425B6A9FEBA9}.Debug|Any CPU.ActiveCfg = Debug|Any CPU
		{66DBFF91-95EE-40AB-9D0B-425B6A9FEBA9}.Debug|Any CPU.Build.0 = Debug|Any CPU
		{66DBFF91-95EE-40AB-9D0B-425B6A9FEBA9}.Release|Any CPU.ActiveCfg = Release|Any CPU
		{66DBFF91-95EE-40AB-9D0B-425B6A9FEBA9}.Release|Any CPU.Build.0 = Release|Any CPU
		{0D19134F-3469-4A5A-9FF8-1C8C3C21B30C}.Debug|Any CPU.ActiveCfg = Debug|Any CPU
		{0D19134F-3469-4A5A-9FF8-1C8C3C21B30C}.Debug|Any CPU.Build.0 = Debug|Any CPU
		{0D19134F-3469-4A5A-9FF8-1C8C3C21B30C}.Release|Any CPU.ActiveCfg = Release|Any CPU
		{0D19134F-3469-4A5A-9FF8-1C8C3C21B30C}.Release|Any CPU.Build.0 = Release|Any CPU
		{75836D82-2745-4EE6-8CED-AC67B831401F}.Debug|Any CPU.ActiveCfg = Debug|Any CPU
		{75836D82-2745-4EE6-8CED-AC67B831401F}.Debug|Any CPU.Build.0 = Debug|Any CPU
		{75836D82-2745-4EE6-8CED-AC67B831401F}.Release|Any CPU.ActiveCfg = Release|Any CPU
		{75836D82-2745-4EE6-8CED-AC67B831401F}.Release|Any CPU.Build.0 = Release|Any CPU
		{B93005DE-CD5A-4FE6-8EFD-DB0A4A7248E0}.Debug|Any CPU.ActiveCfg = Debug|Any CPU
		{B93005DE-CD5A-4FE6-8EFD-DB0A4A7248E0}.Debug|Any CPU.Build.0 = Debug|Any CPU
		{B93005DE-CD5A-4FE6-8EFD-DB0A4A7248E0}.Release|Any CPU.ActiveCfg = Release|Any CPU
		{B93005DE-CD5A-4FE6-8EFD-DB0A4A7248E0}.Release|Any CPU.Build.0 = Release|Any CPU
		{E4A8B9E1-ABD5-403E-8866-1BB63EFA43FF}.Debug|Any CPU.ActiveCfg = Debug|Any CPU
		{E4A8B9E1-ABD5-403E-8866-1BB63EFA43FF}.Debug|Any CPU.Build.0 = Debug|Any CPU
		{E4A8B9E1-ABD5-403E-8866-1BB63EFA43FF}.Release|Any CPU.ActiveCfg = Release|Any CPU
		{E4A8B9E1-ABD5-403E-8866-1BB63EFA43FF}.Release|Any CPU.Build.0 = Release|Any CPU
		{8182512A-772F-4242-A53E-9E0E15A29B58}.Debug|Any CPU.ActiveCfg = Debug|Any CPU
		{8182512A-772F-4242-A53E-9E0E15A29B58}.Debug|Any CPU.Build.0 = Debug|Any CPU
		{8182512A-772F-4242-A53E-9E0E15A29B58}.Release|Any CPU.ActiveCfg = Release|Any CPU
		{8182512A-772F-4242-A53E-9E0E15A29B58}.Release|Any CPU.Build.0 = Release|Any CPU
		{D2318081-5EF1-48C0-B377-525406920F2E}.Debug|Any CPU.ActiveCfg = Debug|Any CPU
		{D2318081-5EF1-48C0-B377-525406920F2E}.Debug|Any CPU.Build.0 = Debug|Any CPU
		{D2318081-5EF1-48C0-B377-525406920F2E}.Release|Any CPU.ActiveCfg = Release|Any CPU
		{D2318081-5EF1-48C0-B377-525406920F2E}.Release|Any CPU.Build.0 = Release|Any CPU
		{7C6F6B6F-F3A8-4539-B482-F29013DEE0DE}.Debug|Any CPU.ActiveCfg = Debug|Any CPU
		{7C6F6B6F-F3A8-4539-B482-F29013DEE0DE}.Debug|Any CPU.Build.0 = Debug|Any CPU
		{7C6F6B6F-F3A8-4539-B482-F29013DEE0DE}.Release|Any CPU.ActiveCfg = Release|Any CPU
		{7C6F6B6F-F3A8-4539-B482-F29013DEE0DE}.Release|Any CPU.Build.0 = Release|Any CPU
		{2CFEAE80-2AC5-4BCC-9F01-472E5F275AF7}.Debug|Any CPU.ActiveCfg = Debug|Any CPU
		{2CFEAE80-2AC5-4BCC-9F01-472E5F275AF7}.Debug|Any CPU.Build.0 = Debug|Any CPU
		{2CFEAE80-2AC5-4BCC-9F01-472E5F275AF7}.Release|Any CPU.ActiveCfg = Release|Any CPU
		{2CFEAE80-2AC5-4BCC-9F01-472E5F275AF7}.Release|Any CPU.Build.0 = Release|Any CPU
	EndGlobalSection
	GlobalSection(NestedProjects) = preSolution
		{788C1341-743F-4690-8B62-C1DE8B8105CB} = {225934A6-1192-4C0F-8D23-E063E0EA1457}
		{FD48C7A6-586C-4B4A-BC72-225A229E20DB} = {2F3979B4-A2E0-4D4B-9AA9-5345663E1356}
		{BD1E81D3-B27A-4B35-B443-45AE35A34EBD} = {225934A6-1192-4C0F-8D23-E063E0EA1457}
		{2B986CAF-B8BD-4AAC-93C8-285EF81C1F76} = {2F3979B4-A2E0-4D4B-9AA9-5345663E1356}
		{B3DA6ECC-36CC-416C-9E21-8AFF0213AB61} = {225934A6-1192-4C0F-8D23-E063E0EA1457}
		{9E98F1C6-7C44-419C-B3D9-62DEF6B885F3} = {2F3979B4-A2E0-4D4B-9AA9-5345663E1356}
		{00BB0C82-0358-473F-A48B-00831DED7C8C} = {225934A6-1192-4C0F-8D23-E063E0EA1457}
		{21F17293-00F8-40C5-B6F2-5727EEF27950} = {2F3979B4-A2E0-4D4B-9AA9-5345663E1356}
		{D1E59676-2CD1-4552-8F2D-6C6FF3A034C8} = {225934A6-1192-4C0F-8D23-E063E0EA1457}
		{66DBFF91-95EE-40AB-9D0B-425B6A9FEBA9} = {2F3979B4-A2E0-4D4B-9AA9-5345663E1356}
		{0D19134F-3469-4A5A-9FF8-1C8C3C21B30C} = {D1E59676-2CD1-4552-8F2D-6C6FF3A034C8}
		{E022EF7E-57C0-49CB-8B7D-6B96B6934A5E} = {D1E59676-2CD1-4552-8F2D-6C6FF3A034C8}
		{75836D82-2745-4EE6-8CED-AC67B831401F} = {E022EF7E-57C0-49CB-8B7D-6B96B6934A5E}
		{B93005DE-CD5A-4FE6-8EFD-DB0A4A7248E0} = {E022EF7E-57C0-49CB-8B7D-6B96B6934A5E}
		{E4A8B9E1-ABD5-403E-8866-1BB63EFA43FF} = {E022EF7E-57C0-49CB-8B7D-6B96B6934A5E}
		{9909009A-5B89-4ED0-A059-9BB903452CC4} = {D1E59676-2CD1-4552-8F2D-6C6FF3A034C8}
		{8182512A-772F-4242-A53E-9E0E15A29B58} = {9909009A-5B89-4ED0-A059-9BB903452CC4}
		{90A35014-592F-4E19-B7B8-92EF445E42A8} = {D1E59676-2CD1-4552-8F2D-6C6FF3A034C8}
		{D2318081-5EF1-48C0-B377-525406920F2E} = {90A35014-592F-4E19-B7B8-92EF445E42A8}
		{3578D123-BE5A-436E-A34E-BE260D531EE1} = {D1E59676-2CD1-4552-8F2D-6C6FF3A034C8}
		{7C6F6B6F-F3A8-4539-B482-F29013DEE0DE} = {3578D123-BE5A-436E-A34E-BE260D531EE1}
		{2CFEAE80-2AC5-4BCC-9F01-472E5F275AF7} = {3578D123-BE5A-436E-A34E-BE260D531EE1}
	EndGlobalSection
EndGlobal
