
Microsoft Visual Studio Solution File, Format Version 12.00
Project("{2150E333-8FDC-42A3-9474-1A3956D46DE8}") = "source", "source", "{225934A6-1192-4C0F-8D23-E063E0EA1457}"
EndProject
Project("{2150E333-8FDC-42A3-9474-1A3956D46DE8}") = "tests", "tests", "{2F3979B4-A2E0-4D4B-9AA9-5345663E1356}"
EndProject
Project("{FAE04EC0-301F-11D3-BF4B-00C04F79EFBC}") = "Lab1", "Lab1\Lab1.csproj", "{788C1341-743F-4690-8B62-C1DE8B8105CB}"
EndProject
Project("{FAE04EC0-301F-11D3-BF4B-00C04F79EFBC}") = "Lab1.Tests", "Lab1.Tests\Lab1.Tests.csproj", "{FD48C7A6-586C-4B4A-BC72-225A229E20DB}"
EndProject
Project("{FAE04EC0-301F-11D3-BF4B-00C04F79EFBC}") = "Lab2", "Lab2\Lab2.csproj", "{BD1E81D3-B27A-4B35-B443-45AE35A34EBD}"
EndProject
Project("{FAE04EC0-301F-11D3-BF4B-00C04F79EFBC}") = "Lab2.Tests", "Lab2.Tests\Lab2.Tests.csproj", "{2B986CAF-B8BD-4AAC-93C8-285EF81C1F76}"
EndProject
Project("{FAE04EC0-301F-11D3-BF4B-00C04F79EFBC}") = "Lab3", "Lab3\Lab3.csproj", "{B3DA6ECC-36CC-416C-9E21-8AFF0213AB61}"
EndProject
Project("{FAE04EC0-301F-11D3-BF4B-00C04F79EFBC}") = "Lab3.Tests", "Lab3.Tests\Lab3.Tests.csproj", "{9E98F1C6-7C44-419C-B3D9-62DEF6B885F3}"
EndProject
Project("{FAE04EC0-301F-11D3-BF4B-00C04F79EFBC}") = "Lab4", "Lab4\Lab4.csproj", "{00BB0C82-0358-473F-A48B-00831DED7C8C}"
EndProject
Project("{FAE04EC0-301F-11D3-BF4B-00C04F79EFBC}") = "Lab4.Tests", "Lab4.Tests\Lab4.Tests.csproj", "{21F17293-00F8-40C5-B6F2-5727EEF27950}"
EndProject
Global
	GlobalSection(SolutionConfigurationPlatforms) = preSolution
		Debug|Any CPU = Debug|Any CPU
		Release|Any CPU = Release|Any CPU
	EndGlobalSection
	GlobalSection(ProjectConfigurationPlatforms) = postSolution
		{788C1341-743F-4690-8B62-C1DE8B8105CB}.Debug|Any CPU.ActiveCfg = Debug|Any CPU
		{788C1341-743F-4690-8B62-C1DE8B8105CB}.Debug|Any CPU.Build.0 = Debug|Any CPU
		{788C1341-743F-4690-8B62-C1DE8B8105CB}.Release|Any CPU.ActiveCfg = Release|Any CPU
		{788C1341-743F-4690-8B62-C1DE8B8105CB}.Release|Any CPU.Build.0 = Release|Any CPU
		{FD48C7A6-586C-4B4A-BC72-225A229E20DB}.Debug|Any CPU.ActiveCfg = Debug|Any CPU
		{FD48C7A6-586C-4B4A-BC72-225A229E20DB}.Debug|Any CPU.Build.0 = Debug|Any CPU
		{FD48C7A6-586C-4B4A-BC72-225A229E20DB}.Release|Any CPU.ActiveCfg = Release|Any CPU
		{FD48C7A6-586C-4B4A-BC72-225A229E20DB}.Release|Any CPU.Build.0 = Release|Any CPU
		{BD1E81D3-B27A-4B35-B443-45AE35A34EBD}.Debug|Any CPU.ActiveCfg = Debug|Any CPU
		{BD1E81D3-B27A-4B35-B443-45AE35A34EBD}.Debug|Any CPU.Build.0 = Debug|Any CPU
		{BD1E81D3-B27A-4B35-B443-45AE35A34EBD}.Release|Any CPU.ActiveCfg = Release|Any CPU
		{BD1E81D3-B27A-4B35-B443-45AE35A34EBD}.Release|Any CPU.Build.0 = Release|Any CPU
		{2B986CAF-B8BD-4AAC-93C8-285EF81C1F76}.Debug|Any CPU.ActiveCfg = Debug|Any CPU
		{2B986CAF-B8BD-4AAC-93C8-285EF81C1F76}.Debug|Any CPU.Build.0 = Debug|Any CPU
		{2B986CAF-B8BD-4AAC-93C8-285EF81C1F76}.Release|Any CPU.ActiveCfg = Release|Any CPU
		{2B986CAF-B8BD-4AAC-93C8-285EF81C1F76}.Release|Any CPU.Build.0 = Release|Any CPU
		{B3DA6ECC-36CC-416C-9E21-8AFF0213AB61}.Debug|Any CPU.ActiveCfg = Debug|Any CPU
		{B3DA6ECC-36CC-416C-9E21-8AFF0213AB61}.Debug|Any CPU.Build.0 = Debug|Any CPU
		{B3DA6ECC-36CC-416C-9E21-8AFF0213AB61}.Release|Any CPU.ActiveCfg = Release|Any CPU
		{B3DA6ECC-36CC-416C-9E21-8AFF0213AB61}.Release|Any CPU.Build.0 = Release|Any CPU
		{9E98F1C6-7C44-419C-B3D9-62DEF6B885F3}.Debug|Any CPU.ActiveCfg = Debug|Any CPU
		{9E98F1C6-7C44-419C-B3D9-62DEF6B885F3}.Debug|Any CPU.Build.0 = Debug|Any CPU
		{9E98F1C6-7C44-419C-B3D9-62DEF6B885F3}.Release|Any CPU.ActiveCfg = Release|Any CPU
		{9E98F1C6-7C44-419C-B3D9-62DEF6B885F3}.Release|Any CPU.Build.0 = Release|Any CPU
		{00BB0C82-0358-473F-A48B-00831DED7C8C}.Debug|Any CPU.ActiveCfg = Debug|Any CPU
		{00BB0C82-0358-473F-A48B-00831DED7C8C}.Debug|Any CPU.Build.0 = Debug|Any CPU
		{00BB0C82-0358-473F-A48B-00831DED7C8C}.Release|Any CPU.ActiveCfg = Release|Any CPU
		{00BB0C82-0358-473F-A48B-00831DED7C8C}.Release|Any CPU.Build.0 = Release|Any CPU
		{21F17293-00F8-40C5-B6F2-5727EEF27950}.Debug|Any CPU.ActiveCfg = Debug|Any CPU
		{21F17293-00F8-40C5-B6F2-5727EEF27950}.Debug|Any CPU.Build.0 = Debug|Any CPU
		{21F17293-00F8-40C5-B6F2-5727EEF27950}.Release|Any CPU.ActiveCfg = Release|Any CPU
		{21F17293-00F8-40C5-B6F2-5727EEF27950}.Release|Any CPU.Build.0 = Release|Any CPU
	EndGlobalSection
	GlobalSection(NestedProjects) = preSolution
		{788C1341-743F-4690-8B62-C1DE8B8105CB} = {225934A6-1192-4C0F-8D23-E063E0EA1457}
		{FD48C7A6-586C-4B4A-BC72-225A229E20DB} = {2F3979B4-A2E0-4D4B-9AA9-5345663E1356}
		{BD1E81D3-B27A-4B35-B443-45AE35A34EBD} = {225934A6-1192-4C0F-8D23-E063E0EA1457}
		{2B986CAF-B8BD-4AAC-93C8-285EF81C1F76} = {2F3979B4-A2E0-4D4B-9AA9-5345663E1356}
		{B3DA6ECC-36CC-416C-9E21-8AFF0213AB61} = {225934A6-1192-4C0F-8D23-E063E0EA1457}
		{9E98F1C6-7C44-419C-B3D9-62DEF6B885F3} = {2F3979B4-A2E0-4D4B-9AA9-5345663E1356}
		{00BB0C82-0358-473F-A48B-00831DED7C8C} = {225934A6-1192-4C0F-8D23-E063E0EA1457}
		{21F17293-00F8-40C5-B6F2-5727EEF27950} = {2F3979B4-A2E0-4D4B-9AA9-5345663E1356}
	EndGlobalSection
EndGlobal
